
Microsoft Visual Studio Solution File, Format Version 12.00
# Visual Studio Version 17
VisualStudioVersion = 17.5.33516.290
MinimumVisualStudioVersion = 10.0.40219.1
Project("{FAE04EC0-301F-11D3-BF4B-00C04F79EFBC}") = "NET_Framework_FinalProject", "NET_Framework_FinalProject.csproj", "{76DFF09C-CB8B-4A51-BDC0-B8808A678A9F}"
EndProject
Global
	GlobalSection(SolutionConfigurationPlatforms) = preSolution
		Debug|Any CPU = Debug|Any CPU
		Release|Any CPU = Release|Any CPU
	EndGlobalSection
	GlobalSection(ProjectConfigurationPlatforms) = postSolution
		{76DFF09C-CB8B-4A51-BDC0-B8808A678A9F}.Debug|Any CPU.ActiveCfg = Debug|Any CPU
		{76DFF09C-CB8B-4A51-BDC0-B8808A678A9F}.Debug|Any CPU.Build.0 = Debug|Any CPU
		{76DFF09C-CB8B-4A51-BDC0-B8808A678A9F}.Release|Any CPU.ActiveCfg = Release|Any CPU
		{76DFF09C-CB8B-4A51-BDC0-B8808A678A9F}.Release|Any CPU.Build.0 = Release|Any CPU
	EndGlobalSection
	GlobalSection(SolutionProperties) = preSolution
		HideSolutionNode = FALSE
	EndGlobalSection
	GlobalSection(ExtensibilityGlobals) = postSolution
		SolutionGuid = {4A30A8C5-333C-4490-9D81-19C2594E69C5}
	EndGlobalSection
EndGlobal
